{
  "version": 2,
  "dependencies": {
    "net8.0": {
      "BenchmarkDotNet": {
        "type": "Direct",
        "requested": "[0.13.5, )",
        "resolved": "0.13.5",
        "contentHash": "PiwINqvreKV7L+BQlaZ2qcJ90s88LbLqZoUWbKnEPzvmsWd4pUH58Yjp+mFn311n8Jz0Y0JsD+jWa+Kh67IG3A==",
        "dependencies": {
          "BenchmarkDotNet.Annotations": "0.13.5",
          "CommandLineParser": "2.4.3",
          "Gee.External.Capstone": "2.3.0",
          "Iced": "1.17.0",
          "Microsoft.CodeAnalysis.CSharp": "3.0.0",
          "Microsoft.Diagnostics.Runtime": "2.2.332302",
          "Microsoft.Diagnostics.Tracing.TraceEvent": "3.0.2",
          "Microsoft.DotNet.PlatformAbstractions": "3.1.6",
          "Perfolizer": "0.2.1",
          "System.Management": "6.0.0"
        }
      },
      "BenchmarkDotNet.Diagnostics.Windows": {
        "type": "Direct",
        "requested": "[0.13.5, )",
        "resolved": "0.13.5",
        "contentHash": "bNKJlIgUvEMBotiiHrEzw2xyCFlNiEfE14/EcBOEDSgYg+spzByVVv+totq9baxKUk5MhfAFhyzguBMiuoho3Q==",
        "dependencies": {
          "BenchmarkDotNet": "0.13.5",
          "Microsoft.Diagnostics.Tracing.TraceEvent": "3.0.2"
        }
      },
      "FsCheck": {
        "type": "Direct",
        "requested": "[3.0.0-alpha5, )",
        "resolved": "3.0.0-alpha5",
        "contentHash": "sU2RVZb410L6MQ2s9IH3nMvN7XFNibeUQ1DSA2I5iRm7GtN1zOy+oUFxh3IdS/z+bmpD7q+bfi+0AI1+hvb6BQ==",
        "dependencies": {
          "FSharp.Core": "4.5.0"
        }
      },
      "Microsoft.CodeAnalysis.CSharp": {
        "type": "Direct",
        "requested": "[4.5.0-2.final, )",
        "resolved": "4.5.0-2.final",
        "contentHash": "7QdSoV9ZcpCXgeAVbciLzCyh8zBjH2gmaes5WG9WzSQoqkKs5sUh0dL8ubmCotltUreXu+d+BrjAomrKeX9YnQ==",
        "dependencies": {
          "Microsoft.CodeAnalysis.Common": "[4.5.0-2.final]"
        }
      },
      "Microsoft.CodeAnalysis.NetAnalyzers": {
        "type": "Direct",
        "requested": "[9.0.0, )",
        "resolved": "9.0.0",
        "contentHash": "JajbvkrBgtdRghavIjcJuNHMOja4lqBmEezbhZyqWPYh2cpLhT5mPpfC7NQVDO4IehWQum9t/nwF4v+qQGtYWg=="
      },
      "Nito.Comparers": {
        "type": "Direct",
        "requested": "[6.2.2, )",
        "resolved": "6.2.2",
        "contentHash": "zl64tz7K2pREh9H4mXzqcLEIZhYYXBwcHoOcrmXCjWKQ6m4x/ubQx6ij0Mw+6EH9KP+CRuq/gOxinSJDqMSr3Q==",
        "dependencies": {
          "Nito.Comparers.Core": "6.2.2",
          "Nito.Comparers.Linq": "6.2.2"
        }
      },
      "protobuf-net": {
        "type": "Direct",
        "requested": "[3.1.26, )",
        "resolved": "3.1.26",
        "contentHash": "iy+VROYtWZEqDvkUjS6FfzKZNpWRoVGc5h0cupGQT/37Ox0LxPblRKLnw6V0RT1MPclLo8nZp7E2M0f7PNn/Tw==",
        "dependencies": {
          "protobuf-net.Core": "3.1.26"
        }
      },
      "BenchmarkDotNet.Annotations": {
        "type": "Transitive",
        "resolved": "0.13.5",
        "contentHash": "ORcRi9/fnjRfINKiAnAgIsRlQ15Gj2Lki7AluHnAVMk/lTyQ2nwaa+F+ezW8f3tElBDoZql02+J2lIwHbu1eoA=="
      },
      "CommandLineParser": {
        "type": "Transitive",
        "resolved": "2.4.3",
        "contentHash": "U2FC9Y8NyIxxU6MpFFdWWu1xwiqz/61v/Doou7kmVjpeIEMLWyiNNkzNlSE84kyJ0O1LKApuEj5z48Ow0Hi4OQ=="
      },
      "FSharp.Core": {
        "type": "Transitive",
        "resolved": "4.5.0",
        "contentHash": "J62OCxvDQ4SJMUHULtho/3rTAhhMzP294cyPDkqSWzWiBrGcuQI9A2TlRIik3PBAPeJx4KPjfzP5o+7Bs6xsZA=="
      },
      "Gee.External.Capstone": {
        "type": "Transitive",
        "resolved": "2.3.0",
        "contentHash": "2ap/rYmjtzCOT8hxrnEW/QeiOt+paD8iRrIcdKX0cxVwWLFa1e+JDBNeECakmccXrSFeBQuu5AV8SNkipFMMMw=="
      },
      "Iced": {
        "type": "Transitive",
        "resolved": "1.17.0",
        "contentHash": "8x+HCVTl/HHTGpscH3vMBhV8sknN/muZFw9s3TsI8SA6+c43cOTCi2+jE4KsU8pNLbJ++iF2ZFcpcXHXtDglnw=="
      },
      "Microsoft.Bcl.AsyncInterfaces": {
        "type": "Transitive",
        "resolved": "1.1.0",
        "contentHash": "1Am6l4Vpn3/K32daEqZI+FFr96OlZkgwK2LcT3pZ2zWubR5zTPW3/FkO1Rat9kb7oQOa4rxgl9LJHc5tspCWfg=="
      },
      "Microsoft.CodeAnalysis.Analyzers": {
        "type": "Transitive",
        "resolved": "3.3.3",
        "contentHash": "j/rOZtLMVJjrfLRlAMckJLPW/1rze9MT1yfWqSIbUPGRu1m1P0fuo9PmqapwsmePfGB5PJrudQLvmUOAMF0DqQ=="
      },
      "Microsoft.CodeAnalysis.Common": {
        "type": "Transitive",
        "resolved": "4.5.0-2.final",
        "contentHash": "1w7QG5B1MI4WtX6I6oCI+MAg5tt2gNNgYOu1fY06SCyFEvG0VBQOjaiW/0XocVmR9dmKPkvUkWxdl+gcK4h9Gg==",
        "dependencies": {
          "Microsoft.CodeAnalysis.Analyzers": "3.3.3",
          "System.Collections.Immutable": "6.0.0",
          "System.Memory": "4.5.5",
          "System.Reflection.Metadata": "5.0.0",
          "System.Runtime.CompilerServices.Unsafe": "6.0.0",
          "System.Text.Encoding.CodePages": "6.0.0",
          "System.Threading.Tasks.Extensions": "4.5.4"
        }
      },
      "Microsoft.Diagnostics.NETCore.Client": {
        "type": "Transitive",
        "resolved": "0.2.251802",
        "contentHash": "bqnYl6AdSeboeN4v25hSukK6Odm6/54E3Y2B8rBvgqvAW0mF8fo7XNRVE2DMOG7Rk0fiuA079QIH28+V+W1Zdg==",
        "dependencies": {
          "Microsoft.Bcl.AsyncInterfaces": "1.1.0",
          "Microsoft.Extensions.Logging": "2.1.1"
        }
      },
      "Microsoft.Diagnostics.Runtime": {
        "type": "Transitive",
        "resolved": "2.2.332302",
        "contentHash": "Hp84ivxSKIMTBzYSATxmUsm3YSXHWivcwiRRbsydGmqujMUK8BAueLN0ssAVEOkOBmh0vjUBhrq7YcroT7VCug==",
        "dependencies": {
          "Microsoft.Diagnostics.NETCore.Client": "0.2.251802",
          "System.Collections.Immutable": "5.0.0",
          "System.Runtime.CompilerServices.Unsafe": "5.0.0"
        }
      },
      "Microsoft.Diagnostics.Tracing.TraceEvent": {
        "type": "Transitive",
        "resolved": "3.0.2",
        "contentHash": "Pr7t+Z/qBe6DxCow4BmYmDycHe2MrGESaflWXRcSUI4XNGyznx1ttS+9JNOxLuBZSoBSPTKw9Dyheo01Yi6anQ==",
        "dependencies": {
          "System.Runtime.CompilerServices.Unsafe": "4.5.3"
        }
      },
      "Microsoft.DotNet.PlatformAbstractions": {
        "type": "Transitive",
        "resolved": "3.1.6",
        "contentHash": "jek4XYaQ/PGUwDKKhwR8K47Uh1189PFzMeLqO83mXrXQVIpARZCcfuDedH50YDTepBkfijCZN5U/vZi++erxtg=="
      },
      "Microsoft.Extensions.Configuration": {
        "type": "Transitive",
        "resolved": "2.1.1",
        "contentHash": "LjVKO6P2y52c5ZhTLX/w8zc5H4Y3J/LJsgqTBj49TtFq/hAtVNue/WA0F6/7GMY90xhD7K0MDZ4qpOeWXbLvzg==",
        "dependencies": {
          "Microsoft.Extensions.Configuration.Abstractions": "2.1.1"
        }
      },
      "Microsoft.Extensions.Configuration.Abstractions": {
        "type": "Transitive",
        "resolved": "2.1.1",
        "contentHash": "VfuZJNa0WUshZ/+8BFZAhwFKiKuu/qOUCFntfdLpHj7vcRnsGHqd3G2Hse78DM+pgozczGM63lGPRLmy+uhUOA==",
        "dependencies": {
          "Microsoft.Extensions.Primitives": "2.1.1"
        }
      },
      "Microsoft.Extensions.Configuration.Binder": {
        "type": "Transitive",
        "resolved": "2.1.1",
        "contentHash": "fcLCTS03poWE4v9tSNBr3pWn0QwGgAn1vzqHXlXgvqZeOc7LvQNzaWcKRQZTdEc3+YhQKwMsOtm3VKSA2aWQ8w==",
        "dependencies": {
          "Microsoft.Extensions.Configuration": "2.1.1"
        }
      },
      "Microsoft.Extensions.DependencyInjection.Abstractions": {
        "type": "Transitive",
        "resolved": "2.1.1",
        "contentHash": "MgYpU5cwZohUMKKg3sbPhvGG+eAZ/59E9UwPwlrUkyXU+PGzqwZg9yyQNjhxuAWmoNoFReoemeCku50prYSGzA=="
      },
      "Microsoft.Extensions.Logging": {
        "type": "Transitive",
        "resolved": "2.1.1",
        "contentHash": "hh+mkOAQDTp6XH80xJt3+wwYVzkbwYQl9XZRCz4Um0JjP/o7N9vHM3rZ6wwwtr+BBe/L6iBO2sz0px6OWBzqZQ==",
        "dependencies": {
          "Microsoft.Extensions.Configuration.Binder": "2.1.1",
          "Microsoft.Extensions.DependencyInjection.Abstractions": "2.1.1",
          "Microsoft.Extensions.Logging.Abstractions": "2.1.1",
          "Microsoft.Extensions.Options": "2.1.1"
        }
      },
      "Microsoft.Extensions.Logging.Abstractions": {
        "type": "Transitive",
        "resolved": "2.1.1",
        "contentHash": "XRzK7ZF+O6FzdfWrlFTi1Rgj2080ZDsd46vzOjadHUB0Cz5kOvDG8vI7caa5YFrsHQpcfn0DxtjS4E46N4FZsA=="
      },
      "Microsoft.Extensions.Options": {
        "type": "Transitive",
        "resolved": "2.1.1",
        "contentHash": "V7lXCU78lAbzaulCGFKojcCyG8RTJicEbiBkPJjFqiqXwndEBBIehdXRMWEVU3UtzQ1yDvphiWUL9th6/4gJ7w==",
        "dependencies": {
          "Microsoft.Extensions.DependencyInjection.Abstractions": "2.1.1",
          "Microsoft.Extensions.Primitives": "2.1.1"
        }
      },
      "Microsoft.Extensions.Primitives": {
        "type": "Transitive",
        "resolved": "2.1.1",
        "contentHash": "scJ1GZNIxMmjpENh0UZ8XCQ6vzr/LzeF9WvEA51Ix2OQGAs9WPgPu8ABVUdvpKPLuor/t05gm6menJK3PwqOXg==",
        "dependencies": {
          "System.Memory": "4.5.1",
          "System.Runtime.CompilerServices.Unsafe": "4.5.1"
        }
      },
      "Nito.Comparers.Core": {
        "type": "Transitive",
        "resolved": "6.2.2",
        "contentHash": "Xe9D3g9gqKs71d/v/7RJj2BA7xlU1q0lv02Wq7GzxWGRqnNSFHCflt01L9Tl8+Sz8s+O6L/Pykh6ME/MKdccBw=="
      },
      "Nito.Comparers.Linq": {
        "type": "Transitive",
        "resolved": "6.2.2",
        "contentHash": "wV00aPm2npW85heSl3EGdjkMOoIJAOaRVTST3+QZpEJn9H2heuylQxDWmjg5hRzAr/8B0vXYclQFVWBwJmtgBw==",
        "dependencies": {
          "Nito.Comparers.Core": "6.2.2"
        }
      },
      "Perfolizer": {
        "type": "Transitive",
        "resolved": "0.2.1",
        "contentHash": "Dt4aCxCT8NPtWBKA8k+FsN/RezOQ2C6omNGm5o/qmYRiIwlQYF93UgFmeF1ezVNsztTnkg7P5P63AE+uNkLfrw==",
        "dependencies": {
          "System.Memory": "4.5.3"
        }
      },
      "protobuf-net.Core": {
        "type": "Transitive",
        "resolved": "3.1.26",
        "contentHash": "fuKoDWgAf5ju+ixbJoasVFhnUaT0oWUgrWh1AZ5D0Y5keKHpA93vQB5g6aQNtB4zgeQ4hGEeh0MY9bIbAUPgEw=="
      },
      "System.CodeDom": {
        "type": "Transitive",
        "resolved": "6.0.0",
        "contentHash": "CPc6tWO1LAer3IzfZufDBRL+UZQcj5uS207NHALQzP84Vp/z6wF0Aa0YZImOQY8iStY0A2zI/e3ihKNPfUm8XA=="
      },
      "System.Collections.Immutable": {
        "type": "Transitive",
        "resolved": "6.0.0",
        "contentHash": "l4zZJ1WU2hqpQQHXz1rvC3etVZN+2DLmQMO79FhOTZHMn8tDRr+WU287sbomD0BETlmKDn0ygUgVy9k5xkkJdA==",
        "dependencies": {
          "System.Runtime.CompilerServices.Unsafe": "6.0.0"
        }
      },
      "System.Management": {
        "type": "Transitive",
        "resolved": "6.0.0",
        "contentHash": "sHsESYMmPDhQuOC66h6AEOs/XowzKsbT9srMbX71TCXP58hkpn1BqBjdmKj1+DCA/WlBETX1K5WjQHwmV0Txrg==",
        "dependencies": {
          "System.CodeDom": "6.0.0"
        }
      },
      "System.Memory": {
        "type": "Transitive",
        "resolved": "4.5.5",
        "contentHash": "XIWiDvKPXaTveaB7HVganDlOCRoj03l+jrwNvcge/t8vhGYKvqV+dMv6G4SAX2NoNmN0wZfVPTAlFwZcZvVOUw=="
      },
      "System.Reflection.Metadata": {
        "type": "Transitive",
        "resolved": "5.0.0",
        "contentHash": "5NecZgXktdGg34rh1OenY1rFNDCI8xSjFr+Z4OU4cU06AQHUdRnIIEeWENu3Wl4YowbzkymAIMvi3WyK9U53pQ=="
      },
      "System.Runtime.CompilerServices.Unsafe": {
        "type": "Transitive",
        "resolved": "6.0.0",
        "contentHash": "/iUeP3tq1S0XdNNoMz5C9twLSrM/TH+qElHkXWaPvuNOt+99G75NrV0OS2EqHx5wMN7popYjpc8oTjC1y16DLg=="
      },
      "System.Text.Encoding.CodePages": {
        "type": "Transitive",
        "resolved": "6.0.0",
        "contentHash": "ZFCILZuOvtKPauZ/j/swhvw68ZRi9ATCfvGbk1QfydmcXBkIWecWKn/250UH7rahZ5OoDBaiAudJtPvLwzw85A==",
        "dependencies": {
          "System.Runtime.CompilerServices.Unsafe": "6.0.0"
        }
      },
      "System.Threading.Tasks.Extensions": {
        "type": "Transitive",
        "resolved": "4.5.4",
        "contentHash": "zteT+G8xuGu6mS+mzDzYXbzS7rd3K6Fjb9RiZlYlJPam2/hU7JCBZBVEcywNuR+oZ1ncTvc/cq0faRr3P01OVg=="
      }
    }
  }
}